
Microsoft Visual Studio Solution File, Format Version 12.00
# Visual Studio Version 17
VisualStudioVersion = 17.1.32210.238
MinimumVisualStudioVersion = 10.0.40219.1
Project("{2150E333-8FDC-42A3-9474-1A3956D46DE8}") = "UI", "UI", "{E74C0D29-DD8D-4B76-B012-C48299F55B30}"
EndProject
Project("{2150E333-8FDC-42A3-9474-1A3956D46DE8}") = "Web API", "Web API", "{8AAA4B8C-E9CE-4FD5-B36D-2DC804C811E9}"
EndProject
Project("{9A19103F-16F7-4668-BE54-9A1E7A4F7556}") = "ui.admin", "ui.admin\ui.admin.csproj", "{AAED7394-8B3D-4697-A193-DDDD5A699483}"
EndProject
Project("{9A19103F-16F7-4668-BE54-9A1E7A4F7556}") = "auth", "auth\auth.csproj", "{89D252A5-FD09-4E3B-A7F7-CD558DB0629F}"
EndProject
Project("{9A19103F-16F7-4668-BE54-9A1E7A4F7556}") = "news", "news\news.csproj", "{40E3065A-DB0F-411B-A3C4-82A78A224BC2}"
EndProject
Project("{9A19103F-16F7-4668-BE54-9A1E7A4F7556}") = "image.recognit", "image.recognit\image.recognit.csproj", "{7CE0A3B3-8BC8-42EE-8AB8-7A3F4B039F2A}"
EndProject
Project("{2150E333-8FDC-42A3-9474-1A3956D46DE8}") = "Console", "Console", "{E09D7544-374D-42F8-9848-CE6D0AF58748}"
EndProject
Project("{9A19103F-16F7-4668-BE54-9A1E7A4F7556}") = "ConsoleApp1", "ConsoleApp1\ConsoleApp1.csproj", "{2B234DD3-B0C9-4222-97C9-A3DC142A7435}"
EndProject
Project("{2150E333-8FDC-42A3-9474-1A3956D46DE8}") = "Telegram", "Telegram", "{D494C99B-6ABE-4EBD-8C42-A800D95B7C56}"
EndProject
Project("{9A19103F-16F7-4668-BE54-9A1E7A4F7556}") = "telebot", "telebot\telebot.csproj", "{CBC07C3A-D785-4E8B-B31C-97287E9126EE}"
EndProject
Project("{2150E333-8FDC-42A3-9474-1A3956D46DE8}") = "mvp", "mvp", "{55AA9D35-58A1-4449-9860-E4BEE4AB1C7D}"
EndProject
Project("{FAE04EC0-301F-11D3-BF4B-00C04F79EFBC}") = "mvp1", "mvp1\mvp1.csproj", "{7C23180B-0F60-4FCB-A900-F996C13AA950}"
EndProject
Global
	GlobalSection(SolutionConfigurationPlatforms) = preSolution
		Debug|Any CPU = Debug|Any CPU
		Release|Any CPU = Release|Any CPU
	EndGlobalSection
	GlobalSection(ProjectConfigurationPlatforms) = postSolution
		{AAED7394-8B3D-4697-A193-DDDD5A699483}.Debug|Any CPU.ActiveCfg = Debug|Any CPU
		{AAED7394-8B3D-4697-A193-DDDD5A699483}.Debug|Any CPU.Build.0 = Debug|Any CPU
		{AAED7394-8B3D-4697-A193-DDDD5A699483}.Release|Any CPU.ActiveCfg = Release|Any CPU
		{AAED7394-8B3D-4697-A193-DDDD5A699483}.Release|Any CPU.Build.0 = Release|Any CPU
		{89D252A5-FD09-4E3B-A7F7-CD558DB0629F}.Debug|Any CPU.ActiveCfg = Debug|Any CPU
		{89D252A5-FD09-4E3B-A7F7-CD558DB0629F}.Debug|Any CPU.Build.0 = Debug|Any CPU
		{89D252A5-FD09-4E3B-A7F7-CD558DB0629F}.Release|Any CPU.ActiveCfg = Release|Any CPU
		{89D252A5-FD09-4E3B-A7F7-CD558DB0629F}.Release|Any CPU.Build.0 = Release|Any CPU
		{40E3065A-DB0F-411B-A3C4-82A78A224BC2}.Debug|Any CPU.ActiveCfg = Debug|Any CPU
		{40E3065A-DB0F-411B-A3C4-82A78A224BC2}.Debug|Any CPU.Build.0 = Debug|Any CPU
		{40E3065A-DB0F-411B-A3C4-82A78A224BC2}.Release|Any CPU.ActiveCfg = Release|Any CPU
		{40E3065A-DB0F-411B-A3C4-82A78A224BC2}.Release|Any CPU.Build.0 = Release|Any CPU
		{7CE0A3B3-8BC8-42EE-8AB8-7A3F4B039F2A}.Debug|Any CPU.ActiveCfg = Debug|Any CPU
		{7CE0A3B3-8BC8-42EE-8AB8-7A3F4B039F2A}.Debug|Any CPU.Build.0 = Debug|Any CPU
		{7CE0A3B3-8BC8-42EE-8AB8-7A3F4B039F2A}.Release|Any CPU.ActiveCfg = Release|Any CPU
		{7CE0A3B3-8BC8-42EE-8AB8-7A3F4B039F2A}.Release|Any CPU.Build.0 = Release|Any CPU
		{2B234DD3-B0C9-4222-97C9-A3DC142A7435}.Debug|Any CPU.ActiveCfg = Debug|Any CPU
		{2B234DD3-B0C9-4222-97C9-A3DC142A7435}.Debug|Any CPU.Build.0 = Debug|Any CPU
		{2B234DD3-B0C9-4222-97C9-A3DC142A7435}.Release|Any CPU.ActiveCfg = Release|Any CPU
		{2B234DD3-B0C9-4222-97C9-A3DC142A7435}.Release|Any CPU.Build.0 = Release|Any CPU
		{CBC07C3A-D785-4E8B-B31C-97287E9126EE}.Debug|Any CPU.ActiveCfg = Debug|Any CPU
		{CBC07C3A-D785-4E8B-B31C-97287E9126EE}.Debug|Any CPU.Build.0 = Debug|Any CPU
		{CBC07C3A-D785-4E8B-B31C-97287E9126EE}.Release|Any CPU.ActiveCfg = Release|Any CPU
		{CBC07C3A-D785-4E8B-B31C-97287E9126EE}.Release|Any CPU.Build.0 = Release|Any CPU
		{7C23180B-0F60-4FCB-A900-F996C13AA950}.Debug|Any CPU.ActiveCfg = Debug|Any CPU
		{7C23180B-0F60-4FCB-A900-F996C13AA950}.Debug|Any CPU.Build.0 = Debug|Any CPU
		{7C23180B-0F60-4FCB-A900-F996C13AA950}.Release|Any CPU.ActiveCfg = Release|Any CPU
		{7C23180B-0F60-4FCB-A900-F996C13AA950}.Release|Any CPU.Build.0 = Release|Any CPU
	EndGlobalSection
	GlobalSection(SolutionProperties) = preSolution
		HideSolutionNode = FALSE
	EndGlobalSection
	GlobalSection(NestedProjects) = preSolution
		{AAED7394-8B3D-4697-A193-DDDD5A699483} = {E74C0D29-DD8D-4B76-B012-C48299F55B30}
		{89D252A5-FD09-4E3B-A7F7-CD558DB0629F} = {8AAA4B8C-E9CE-4FD5-B36D-2DC804C811E9}
		{40E3065A-DB0F-411B-A3C4-82A78A224BC2} = {8AAA4B8C-E9CE-4FD5-B36D-2DC804C811E9}
		{7CE0A3B3-8BC8-42EE-8AB8-7A3F4B039F2A} = {8AAA4B8C-E9CE-4FD5-B36D-2DC804C811E9}
		{2B234DD3-B0C9-4222-97C9-A3DC142A7435} = {E09D7544-374D-42F8-9848-CE6D0AF58748}
		{CBC07C3A-D785-4E8B-B31C-97287E9126EE} = {D494C99B-6ABE-4EBD-8C42-A800D95B7C56}
		{7C23180B-0F60-4FCB-A900-F996C13AA950} = {55AA9D35-58A1-4449-9860-E4BEE4AB1C7D}
	EndGlobalSection
	GlobalSection(ExtensibilityGlobals) = postSolution
		SolutionGuid = {47C53306-83EF-4481-92CF-69CAFC78F8E9}
	EndGlobalSection
EndGlobal
